{
  "name": "@calmery-chan/eslint-config",
  "version": "0.0.0",
  "lockfileVersion": 2,
  "requires": true,
  "packages": {
    "": {
      "name": "@calmery-chan/eslint-config",
      "version": "0.0.0",
      "license": "MIT",
      "engines": {
        "node": ">=14.15.0 <15",
        "npm": ">=7.0.0 <8"
      }
    }
  }
}
